
Microsoft Visual Studio Solution File, Format Version 12.00
# Visual Studio 2013
VisualStudioVersion = 12.0.40302.0
MinimumVisualStudioVersion = 10.0.40219.1
Project("{FAE04EC0-301F-11D3-BF4B-00C04F79EFBC}") = "GeoLib", "GeoLib\GeoLib.csproj", "{9D242814-32DA-404A-B21F-A58983ED9263}"
EndProject
Project("{FAE04EC0-301F-11D3-BF4B-00C04F79EFBC}") = "RichGeobase.WebApi", "GeoAPI\RichGeobase.WebApi.csproj", "{B1D6604D-4CB9-44F5-B428-631445927DAC}"
EndProject
Project("{FAE04EC0-301F-11D3-BF4B-00C04F79EFBC}") = "GeoParser", "GeoParser\GeoParser.csproj", "{C5038B7F-F62E-4134-AA38-0350FB85631A}"
EndProject
Project("{FAE04EC0-301F-11D3-BF4B-00C04F79EFBC}") = "RichGeobase.Query", "RichGeobase.Common\RichGeobase.Query\RichGeobase.Query.csproj", "{9D70E71A-E11B-4B54-96F8-3D143E3DD618}"
EndProject
Project("{2150E333-8FDC-42A3-9474-1A3956D46DE8}") = "RichGeobase.Hosts", "RichGeobase.Hosts", "{1DD9B8AD-4245-4C31-83B1-8342EE4C71D9}"
EndProject
Project("{FAE04EC0-301F-11D3-BF4B-00C04F79EFBC}") = "GeoLib.Dal", "GeoLib.Dal\GeoLib.Dal.csproj", "{3B2723BF-60C7-48C3-A437-E321A852905C}"
EndProject
Project("{FAE04EC0-301F-11D3-BF4B-00C04F79EFBC}") = "GeoLib.GeoNames", "GeoLib.GeoNames\GeoLib.GeoNames.csproj", "{47C87D72-7132-4882-951B-7BCB385160A5}"
EndProject
Project("{2150E333-8FDC-42A3-9474-1A3956D46DE8}") = "RichGeobase.GeoLib", "RichGeobase.GeoLib", "{C1917834-C755-4A47-A4BC-2C15188DCBD9}"
EndProject
Project("{FAE04EC0-301F-11D3-BF4B-00C04F79EFBC}") = "GeoLib.Parsing", "GeoLib.Parsing\GeoLib.Parsing.csproj", "{D8EEC69E-1618-4894-959D-3BAE12057AE3}"
EndProject
Project("{FAE04EC0-301F-11D3-BF4B-00C04F79EFBC}") = "GeoLib.Parsing.GeoNames", "GeoLib.Parsing.GeoNames\GeoLib.Parsing.GeoNames.csproj", "{93EEE4EC-B1D6-4906-9F59-3AAA24185E12}"
EndProject
Project("{FAE04EC0-301F-11D3-BF4B-00C04F79EFBC}") = "GeoLib.OSM", "GeoLib.OSM\GeoLib.OSM.csproj", "{10238987-F4A7-412E-86E9-4C24AD776BBF}"
EndProject
Project("{FAE04EC0-301F-11D3-BF4B-00C04F79EFBC}") = "GeoLib.Parsing.OSM", "GeoLib.Parsing.OSM\GeoLib.Parsing.OSM.csproj", "{EC28A898-9A90-456A-A5E7-96FBDA0C4864}"
EndProject
Project("{FAE04EC0-301F-11D3-BF4B-00C04F79EFBC}") = "GeoLib.KLADR", "GeoLib.KLADR\GeoLib.KLADR.csproj", "{55D96F35-219D-4A73-81C6-B7A18DB315CD}"
EndProject
Project("{FAE04EC0-301F-11D3-BF4B-00C04F79EFBC}") = "GeoLib.Parsing.KLADR", "GeoLib.Parsing.KLADR\GeoLib.Parsing.KLADR.csproj", "{062C7F28-205B-4861-A43F-BF337F0AEB72}"
EndProject
Project("{FAE04EC0-301F-11D3-BF4B-00C04F79EFBC}") = "GeoLib.Resources", "GeoLib.Resources\GeoLib.Resources.csproj", "{5C8E4730-440C-44E5-AE4A-9CEB711B03B1}"
EndProject
Project("{FAE04EC0-301F-11D3-BF4B-00C04F79EFBC}") = "RichGeobase.Query.Dal", "RichGeobase.Common\RichGeobase.Query.Dal\RichGeobase.Query.Dal.csproj", "{1C1592E8-9D9E-445F-B8C7-E6E5DF9969CF}"
EndProject
Project("{2150E333-8FDC-42A3-9474-1A3956D46DE8}") = "RichGeobase.Components", "RichGeobase.Components", "{E1F1FA4F-2895-4450-BC55-FDB4188EAC98}"
EndProject
Project("{FAE04EC0-301F-11D3-BF4B-00C04F79EFBC}") = "RichGeobase.Account", "RichGeobase.Components\RichGeobase.Account\RichGeobase.Account.csproj", "{12461367-F2F2-4299-ADA2-35335D2DA1BA}"
EndProject
Project("{FAE04EC0-301F-11D3-BF4B-00C04F79EFBC}") = "RichGeobase.Account.Dal", "RichGeobase.Components\RichGeobase.Account.Dal\RichGeobase.Account.Dal.csproj", "{A2A2E6A2-0774-4B96-9BF0-78B9EBB92211}"
EndProject
Project("{2150E333-8FDC-42A3-9474-1A3956D46DE8}") = "GeoLib.Common", "GeoLib.Common", "{7A4493DA-C64B-4507-AFC2-1595448DFD86}"
EndProject
Project("{2150E333-8FDC-42A3-9474-1A3956D46DE8}") = "Obsolete", "Obsolete", "{9EA1E8CE-1AE2-4252-B5D2-C1E73F17245A}"
EndProject
Project("{2150E333-8FDC-42A3-9474-1A3956D46DE8}") = "Common.Libs", "Common.Libs", "{1241E34A-17FB-46CB-ABD8-B30628EE2635}"
EndProject
Project("{2150E333-8FDC-42A3-9474-1A3956D46DE8}") = "Geo.Libs", "Geo.Libs", "{DA0ABAF8-9FF9-4CE0-91D5-04B44343D8A3}"
EndProject
Project("{FAE04EC0-301F-11D3-BF4B-00C04F79EFBC}") = "Common.Contracts", "Common.Libs\Common.Contracts\Common.Contracts.csproj", "{C1A044B1-9B38-40EC-8C77-1BAC842A380C}"
EndProject
Project("{FAE04EC0-301F-11D3-BF4B-00C04F79EFBC}") = "Common.Data.Contracts", "Common.Libs\Common.Data.Contracts\Common.Data.Contracts.csproj", "{BC0F1C88-21A8-4C28-AD64-80F971B69C16}"
EndProject
Project("{FAE04EC0-301F-11D3-BF4B-00C04F79EFBC}") = "Common.Cache.Contracts", "Common.Libs\Common.Cache.Contracts\Common.Cache.Contracts.csproj", "{4699BE7E-EA96-4C1C-AC72-E188C4B27F30}"
EndProject
Project("{FAE04EC0-301F-11D3-BF4B-00C04F79EFBC}") = "Common", "Common.Libs\Common\Common.csproj", "{B5D6D804-5B4C-4110-9798-D1489C2C500E}"
EndProject
Global
	GlobalSection(SolutionConfigurationPlatforms) = preSolution
		Debug|Any CPU = Debug|Any CPU
		Release|Any CPU = Release|Any CPU
	EndGlobalSection
	GlobalSection(ProjectConfigurationPlatforms) = postSolution
		{9D242814-32DA-404A-B21F-A58983ED9263}.Debug|Any CPU.ActiveCfg = Debug|Any CPU
		{9D242814-32DA-404A-B21F-A58983ED9263}.Debug|Any CPU.Build.0 = Debug|Any CPU
		{9D242814-32DA-404A-B21F-A58983ED9263}.Release|Any CPU.ActiveCfg = Release|Any CPU
		{9D242814-32DA-404A-B21F-A58983ED9263}.Release|Any CPU.Build.0 = Release|Any CPU
		{B1D6604D-4CB9-44F5-B428-631445927DAC}.Debug|Any CPU.ActiveCfg = Debug|Any CPU
		{B1D6604D-4CB9-44F5-B428-631445927DAC}.Debug|Any CPU.Build.0 = Debug|Any CPU
		{B1D6604D-4CB9-44F5-B428-631445927DAC}.Release|Any CPU.ActiveCfg = Release|Any CPU
		{B1D6604D-4CB9-44F5-B428-631445927DAC}.Release|Any CPU.Build.0 = Release|Any CPU
		{C5038B7F-F62E-4134-AA38-0350FB85631A}.Debug|Any CPU.ActiveCfg = Debug|Any CPU
		{C5038B7F-F62E-4134-AA38-0350FB85631A}.Debug|Any CPU.Build.0 = Debug|Any CPU
		{C5038B7F-F62E-4134-AA38-0350FB85631A}.Release|Any CPU.ActiveCfg = Release|Any CPU
		{C5038B7F-F62E-4134-AA38-0350FB85631A}.Release|Any CPU.Build.0 = Release|Any CPU
		{9D70E71A-E11B-4B54-96F8-3D143E3DD618}.Debug|Any CPU.ActiveCfg = Debug|Any CPU
		{9D70E71A-E11B-4B54-96F8-3D143E3DD618}.Debug|Any CPU.Build.0 = Debug|Any CPU
		{9D70E71A-E11B-4B54-96F8-3D143E3DD618}.Release|Any CPU.ActiveCfg = Release|Any CPU
		{9D70E71A-E11B-4B54-96F8-3D143E3DD618}.Release|Any CPU.Build.0 = Release|Any CPU
		{3B2723BF-60C7-48C3-A437-E321A852905C}.Debug|Any CPU.ActiveCfg = Debug|Any CPU
		{3B2723BF-60C7-48C3-A437-E321A852905C}.Debug|Any CPU.Build.0 = Debug|Any CPU
		{3B2723BF-60C7-48C3-A437-E321A852905C}.Release|Any CPU.ActiveCfg = Release|Any CPU
		{3B2723BF-60C7-48C3-A437-E321A852905C}.Release|Any CPU.Build.0 = Release|Any CPU
		{47C87D72-7132-4882-951B-7BCB385160A5}.Debug|Any CPU.ActiveCfg = Debug|Any CPU
		{47C87D72-7132-4882-951B-7BCB385160A5}.Debug|Any CPU.Build.0 = Debug|Any CPU
		{47C87D72-7132-4882-951B-7BCB385160A5}.Release|Any CPU.ActiveCfg = Release|Any CPU
		{47C87D72-7132-4882-951B-7BCB385160A5}.Release|Any CPU.Build.0 = Release|Any CPU
		{D8EEC69E-1618-4894-959D-3BAE12057AE3}.Debug|Any CPU.ActiveCfg = Debug|Any CPU
		{D8EEC69E-1618-4894-959D-3BAE12057AE3}.Debug|Any CPU.Build.0 = Debug|Any CPU
		{D8EEC69E-1618-4894-959D-3BAE12057AE3}.Release|Any CPU.ActiveCfg = Release|Any CPU
		{D8EEC69E-1618-4894-959D-3BAE12057AE3}.Release|Any CPU.Build.0 = Release|Any CPU
		{93EEE4EC-B1D6-4906-9F59-3AAA24185E12}.Debug|Any CPU.ActiveCfg = Debug|Any CPU
		{93EEE4EC-B1D6-4906-9F59-3AAA24185E12}.Debug|Any CPU.Build.0 = Debug|Any CPU
		{93EEE4EC-B1D6-4906-9F59-3AAA24185E12}.Release|Any CPU.ActiveCfg = Release|Any CPU
		{93EEE4EC-B1D6-4906-9F59-3AAA24185E12}.Release|Any CPU.Build.0 = Release|Any CPU
		{10238987-F4A7-412E-86E9-4C24AD776BBF}.Debug|Any CPU.ActiveCfg = Debug|Any CPU
		{10238987-F4A7-412E-86E9-4C24AD776BBF}.Debug|Any CPU.Build.0 = Debug|Any CPU
		{10238987-F4A7-412E-86E9-4C24AD776BBF}.Release|Any CPU.ActiveCfg = Release|Any CPU
		{10238987-F4A7-412E-86E9-4C24AD776BBF}.Release|Any CPU.Build.0 = Release|Any CPU
		{EC28A898-9A90-456A-A5E7-96FBDA0C4864}.Debug|Any CPU.ActiveCfg = Debug|Any CPU
		{EC28A898-9A90-456A-A5E7-96FBDA0C4864}.Debug|Any CPU.Build.0 = Debug|Any CPU
		{EC28A898-9A90-456A-A5E7-96FBDA0C4864}.Release|Any CPU.ActiveCfg = Release|Any CPU
		{EC28A898-9A90-456A-A5E7-96FBDA0C4864}.Release|Any CPU.Build.0 = Release|Any CPU
		{55D96F35-219D-4A73-81C6-B7A18DB315CD}.Debug|Any CPU.ActiveCfg = Debug|Any CPU
		{55D96F35-219D-4A73-81C6-B7A18DB315CD}.Debug|Any CPU.Build.0 = Debug|Any CPU
		{55D96F35-219D-4A73-81C6-B7A18DB315CD}.Release|Any CPU.ActiveCfg = Release|Any CPU
		{55D96F35-219D-4A73-81C6-B7A18DB315CD}.Release|Any CPU.Build.0 = Release|Any CPU
		{062C7F28-205B-4861-A43F-BF337F0AEB72}.Debug|Any CPU.ActiveCfg = Debug|Any CPU
		{062C7F28-205B-4861-A43F-BF337F0AEB72}.Debug|Any CPU.Build.0 = Debug|Any CPU
		{062C7F28-205B-4861-A43F-BF337F0AEB72}.Release|Any CPU.ActiveCfg = Release|Any CPU
		{062C7F28-205B-4861-A43F-BF337F0AEB72}.Release|Any CPU.Build.0 = Release|Any CPU
		{5C8E4730-440C-44E5-AE4A-9CEB711B03B1}.Debug|Any CPU.ActiveCfg = Debug|Any CPU
		{5C8E4730-440C-44E5-AE4A-9CEB711B03B1}.Debug|Any CPU.Build.0 = Debug|Any CPU
		{5C8E4730-440C-44E5-AE4A-9CEB711B03B1}.Release|Any CPU.ActiveCfg = Release|Any CPU
		{5C8E4730-440C-44E5-AE4A-9CEB711B03B1}.Release|Any CPU.Build.0 = Release|Any CPU
		{1C1592E8-9D9E-445F-B8C7-E6E5DF9969CF}.Debug|Any CPU.ActiveCfg = Debug|Any CPU
		{1C1592E8-9D9E-445F-B8C7-E6E5DF9969CF}.Debug|Any CPU.Build.0 = Debug|Any CPU
		{1C1592E8-9D9E-445F-B8C7-E6E5DF9969CF}.Release|Any CPU.ActiveCfg = Release|Any CPU
		{1C1592E8-9D9E-445F-B8C7-E6E5DF9969CF}.Release|Any CPU.Build.0 = Release|Any CPU
		{12461367-F2F2-4299-ADA2-35335D2DA1BA}.Debug|Any CPU.ActiveCfg = Debug|Any CPU
		{12461367-F2F2-4299-ADA2-35335D2DA1BA}.Debug|Any CPU.Build.0 = Debug|Any CPU
		{12461367-F2F2-4299-ADA2-35335D2DA1BA}.Release|Any CPU.ActiveCfg = Release|Any CPU
		{12461367-F2F2-4299-ADA2-35335D2DA1BA}.Release|Any CPU.Build.0 = Release|Any CPU
		{A2A2E6A2-0774-4B96-9BF0-78B9EBB92211}.Debug|Any CPU.ActiveCfg = Debug|Any CPU
		{A2A2E6A2-0774-4B96-9BF0-78B9EBB92211}.Debug|Any CPU.Build.0 = Debug|Any CPU
		{A2A2E6A2-0774-4B96-9BF0-78B9EBB92211}.Release|Any CPU.ActiveCfg = Release|Any CPU
		{A2A2E6A2-0774-4B96-9BF0-78B9EBB92211}.Release|Any CPU.Build.0 = Release|Any CPU
		{C1A044B1-9B38-40EC-8C77-1BAC842A380C}.Debug|Any CPU.ActiveCfg = Debug|Any CPU
		{C1A044B1-9B38-40EC-8C77-1BAC842A380C}.Debug|Any CPU.Build.0 = Debug|Any CPU
		{C1A044B1-9B38-40EC-8C77-1BAC842A380C}.Release|Any CPU.ActiveCfg = Release|Any CPU
		{C1A044B1-9B38-40EC-8C77-1BAC842A380C}.Release|Any CPU.Build.0 = Release|Any CPU
		{BC0F1C88-21A8-4C28-AD64-80F971B69C16}.Debug|Any CPU.ActiveCfg = Debug|Any CPU
		{BC0F1C88-21A8-4C28-AD64-80F971B69C16}.Debug|Any CPU.Build.0 = Debug|Any CPU
		{BC0F1C88-21A8-4C28-AD64-80F971B69C16}.Release|Any CPU.ActiveCfg = Release|Any CPU
		{BC0F1C88-21A8-4C28-AD64-80F971B69C16}.Release|Any CPU.Build.0 = Release|Any CPU
		{4699BE7E-EA96-4C1C-AC72-E188C4B27F30}.Debug|Any CPU.ActiveCfg = Debug|Any CPU
		{4699BE7E-EA96-4C1C-AC72-E188C4B27F30}.Debug|Any CPU.Build.0 = Debug|Any CPU
		{4699BE7E-EA96-4C1C-AC72-E188C4B27F30}.Release|Any CPU.ActiveCfg = Release|Any CPU
		{4699BE7E-EA96-4C1C-AC72-E188C4B27F30}.Release|Any CPU.Build.0 = Release|Any CPU
		{B5D6D804-5B4C-4110-9798-D1489C2C500E}.Debug|Any CPU.ActiveCfg = Debug|Any CPU
		{B5D6D804-5B4C-4110-9798-D1489C2C500E}.Debug|Any CPU.Build.0 = Debug|Any CPU
		{B5D6D804-5B4C-4110-9798-D1489C2C500E}.Release|Any CPU.ActiveCfg = Release|Any CPU
		{B5D6D804-5B4C-4110-9798-D1489C2C500E}.Release|Any CPU.Build.0 = Release|Any CPU
	EndGlobalSection
	GlobalSection(SolutionProperties) = preSolution
		HideSolutionNode = FALSE
	EndGlobalSection
	GlobalSection(NestedProjects) = preSolution
		{9D242814-32DA-404A-B21F-A58983ED9263} = {C1917834-C755-4A47-A4BC-2C15188DCBD9}
		{B1D6604D-4CB9-44F5-B428-631445927DAC} = {1DD9B8AD-4245-4C31-83B1-8342EE4C71D9}
		{C5038B7F-F62E-4134-AA38-0350FB85631A} = {1DD9B8AD-4245-4C31-83B1-8342EE4C71D9}
		{9D70E71A-E11B-4B54-96F8-3D143E3DD618} = {7A4493DA-C64B-4507-AFC2-1595448DFD86}
		{1DD9B8AD-4245-4C31-83B1-8342EE4C71D9} = {9EA1E8CE-1AE2-4252-B5D2-C1E73F17245A}
		{3B2723BF-60C7-48C3-A437-E321A852905C} = {C1917834-C755-4A47-A4BC-2C15188DCBD9}
		{47C87D72-7132-4882-951B-7BCB385160A5} = {C1917834-C755-4A47-A4BC-2C15188DCBD9}
		{C1917834-C755-4A47-A4BC-2C15188DCBD9} = {9EA1E8CE-1AE2-4252-B5D2-C1E73F17245A}
		{D8EEC69E-1618-4894-959D-3BAE12057AE3} = {C1917834-C755-4A47-A4BC-2C15188DCBD9}
		{93EEE4EC-B1D6-4906-9F59-3AAA24185E12} = {C1917834-C755-4A47-A4BC-2C15188DCBD9}
		{10238987-F4A7-412E-86E9-4C24AD776BBF} = {C1917834-C755-4A47-A4BC-2C15188DCBD9}
		{EC28A898-9A90-456A-A5E7-96FBDA0C4864} = {C1917834-C755-4A47-A4BC-2C15188DCBD9}
		{55D96F35-219D-4A73-81C6-B7A18DB315CD} = {C1917834-C755-4A47-A4BC-2C15188DCBD9}
		{062C7F28-205B-4861-A43F-BF337F0AEB72} = {C1917834-C755-4A47-A4BC-2C15188DCBD9}
		{5C8E4730-440C-44E5-AE4A-9CEB711B03B1} = {C1917834-C755-4A47-A4BC-2C15188DCBD9}
		{1C1592E8-9D9E-445F-B8C7-E6E5DF9969CF} = {7A4493DA-C64B-4507-AFC2-1595448DFD86}
		{E1F1FA4F-2895-4450-BC55-FDB4188EAC98} = {9EA1E8CE-1AE2-4252-B5D2-C1E73F17245A}
		{12461367-F2F2-4299-ADA2-35335D2DA1BA} = {E1F1FA4F-2895-4450-BC55-FDB4188EAC98}
		{A2A2E6A2-0774-4B96-9BF0-78B9EBB92211} = {E1F1FA4F-2895-4450-BC55-FDB4188EAC98}
		{7A4493DA-C64B-4507-AFC2-1595448DFD86} = {9EA1E8CE-1AE2-4252-B5D2-C1E73F17245A}
		{C1A044B1-9B38-40EC-8C77-1BAC842A380C} = {1241E34A-17FB-46CB-ABD8-B30628EE2635}
		{BC0F1C88-21A8-4C28-AD64-80F971B69C16} = {1241E34A-17FB-46CB-ABD8-B30628EE2635}
		{4699BE7E-EA96-4C1C-AC72-E188C4B27F30} = {1241E34A-17FB-46CB-ABD8-B30628EE2635}
		{B5D6D804-5B4C-4110-9798-D1489C2C500E} = {1241E34A-17FB-46CB-ABD8-B30628EE2635}
	EndGlobalSection
EndGlobal
