
Microsoft Visual Studio Solution File, Format Version 12.00
# Visual Studio 2013
VisualStudioVersion = 12.0.21005.1
MinimumVisualStudioVersion = 10.0.40219.1
Project("{FAE04EC0-301F-11D3-BF4B-00C04F79EFBC}") = "GeoLib", "GeoLib\GeoLib.csproj", "{9D242814-32DA-404A-B21F-A58983ED9263}"
EndProject
Project("{FAE04EC0-301F-11D3-BF4B-00C04F79EFBC}") = "RichGeobase.WebApi", "GeoAPI\RichGeobase.WebApi.csproj", "{B1D6604D-4CB9-44F5-B428-631445927DAC}"
EndProject
Project("{FAE04EC0-301F-11D3-BF4B-00C04F79EFBC}") = "GeoParser", "GeoParser\GeoParser.csproj", "{C5038B7F-F62E-4134-AA38-0350FB85631A}"
EndProject
Project("{2150E333-8FDC-42A3-9474-1A3956D46DE8}") = "RichGeobase.Common", "RichGeobase.Common", "{53916543-6B63-41F7-8676-8C2C74ADD624}"
EndProject
Project("{FAE04EC0-301F-11D3-BF4B-00C04F79EFBC}") = "RichGeobase.Query", "RichGeobase.Common\RichGeobase.Query\RichGeobase.Query.csproj", "{9D70E71A-E11B-4B54-96F8-3D143E3DD618}"
EndProject
Project("{2150E333-8FDC-42A3-9474-1A3956D46DE8}") = "RichGeobase.Hosts", "RichGeobase.Hosts", "{1DD9B8AD-4245-4C31-83B1-8342EE4C71D9}"
EndProject
Project("{FAE04EC0-301F-11D3-BF4B-00C04F79EFBC}") = "GeoLib.Dal", "GeoLib.Dal\GeoLib.Dal.csproj", "{3B2723BF-60C7-48C3-A437-E321A852905C}"
EndProject
Project("{FAE04EC0-301F-11D3-BF4B-00C04F79EFBC}") = "GeoLib.GeoNames", "GeoLib.GeoNames\GeoLib.GeoNames.csproj", "{47C87D72-7132-4882-951B-7BCB385160A5}"
EndProject
Project("{2150E333-8FDC-42A3-9474-1A3956D46DE8}") = "RichGeobase.GeoLib", "RichGeobase.GeoLib", "{C1917834-C755-4A47-A4BC-2C15188DCBD9}"
EndProject
Project("{FAE04EC0-301F-11D3-BF4B-00C04F79EFBC}") = "GeoLib.Parsing", "GeoLib.Parsing\GeoLib.Parsing.csproj", "{D8EEC69E-1618-4894-959D-3BAE12057AE3}"
EndProject
Project("{FAE04EC0-301F-11D3-BF4B-00C04F79EFBC}") = "GeoLib.Parsing.GeoNames", "GeoLib.Parsing.GeoNames\GeoLib.Parsing.GeoNames.csproj", "{93EEE4EC-B1D6-4906-9F59-3AAA24185E12}"
EndProject
Project("{FAE04EC0-301F-11D3-BF4B-00C04F79EFBC}") = "GeoLib.OSM", "GeoLib.OSM\GeoLib.OSM.csproj", "{10238987-F4A7-412E-86E9-4C24AD776BBF}"
EndProject
Project("{FAE04EC0-301F-11D3-BF4B-00C04F79EFBC}") = "GeoLib.Parsing.OSM", "GeoLib.Parsing.OSM\GeoLib.Parsing.OSM.csproj", "{EC28A898-9A90-456A-A5E7-96FBDA0C4864}"
EndProject
Project("{FAE04EC0-301F-11D3-BF4B-00C04F79EFBC}") = "GeoLib.KLADR", "GeoLib.KLADR\GeoLib.KLADR.csproj", "{55D96F35-219D-4A73-81C6-B7A18DB315CD}"
EndProject
Project("{FAE04EC0-301F-11D3-BF4B-00C04F79EFBC}") = "GeoLib.Parsing.KLADR", "GeoLib.Parsing.KLADR\GeoLib.Parsing.KLADR.csproj", "{062C7F28-205B-4861-A43F-BF337F0AEB72}"
EndProject
Global
	GlobalSection(SolutionConfigurationPlatforms) = preSolution
		Debug|Any CPU = Debug|Any CPU
		Release|Any CPU = Release|Any CPU
	EndGlobalSection
	GlobalSection(ProjectConfigurationPlatforms) = postSolution
		{9D242814-32DA-404A-B21F-A58983ED9263}.Debug|Any CPU.ActiveCfg = Debug|Any CPU
		{9D242814-32DA-404A-B21F-A58983ED9263}.Debug|Any CPU.Build.0 = Debug|Any CPU
		{9D242814-32DA-404A-B21F-A58983ED9263}.Release|Any CPU.ActiveCfg = Release|Any CPU
		{9D242814-32DA-404A-B21F-A58983ED9263}.Release|Any CPU.Build.0 = Release|Any CPU
		{B1D6604D-4CB9-44F5-B428-631445927DAC}.Debug|Any CPU.ActiveCfg = Debug|Any CPU
		{B1D6604D-4CB9-44F5-B428-631445927DAC}.Debug|Any CPU.Build.0 = Debug|Any CPU
		{B1D6604D-4CB9-44F5-B428-631445927DAC}.Release|Any CPU.ActiveCfg = Release|Any CPU
		{B1D6604D-4CB9-44F5-B428-631445927DAC}.Release|Any CPU.Build.0 = Release|Any CPU
		{C5038B7F-F62E-4134-AA38-0350FB85631A}.Debug|Any CPU.ActiveCfg = Debug|Any CPU
		{C5038B7F-F62E-4134-AA38-0350FB85631A}.Debug|Any CPU.Build.0 = Debug|Any CPU
		{C5038B7F-F62E-4134-AA38-0350FB85631A}.Release|Any CPU.ActiveCfg = Release|Any CPU
		{C5038B7F-F62E-4134-AA38-0350FB85631A}.Release|Any CPU.Build.0 = Release|Any CPU
		{9D70E71A-E11B-4B54-96F8-3D143E3DD618}.Debug|Any CPU.ActiveCfg = Debug|Any CPU
		{9D70E71A-E11B-4B54-96F8-3D143E3DD618}.Debug|Any CPU.Build.0 = Debug|Any CPU
		{9D70E71A-E11B-4B54-96F8-3D143E3DD618}.Release|Any CPU.ActiveCfg = Release|Any CPU
		{9D70E71A-E11B-4B54-96F8-3D143E3DD618}.Release|Any CPU.Build.0 = Release|Any CPU
		{3B2723BF-60C7-48C3-A437-E321A852905C}.Debug|Any CPU.ActiveCfg = Debug|Any CPU
		{3B2723BF-60C7-48C3-A437-E321A852905C}.Debug|Any CPU.Build.0 = Debug|Any CPU
		{3B2723BF-60C7-48C3-A437-E321A852905C}.Release|Any CPU.ActiveCfg = Release|Any CPU
		{3B2723BF-60C7-48C3-A437-E321A852905C}.Release|Any CPU.Build.0 = Release|Any CPU
		{47C87D72-7132-4882-951B-7BCB385160A5}.Debug|Any CPU.ActiveCfg = Debug|Any CPU
		{47C87D72-7132-4882-951B-7BCB385160A5}.Debug|Any CPU.Build.0 = Debug|Any CPU
		{47C87D72-7132-4882-951B-7BCB385160A5}.Release|Any CPU.ActiveCfg = Release|Any CPU
		{47C87D72-7132-4882-951B-7BCB385160A5}.Release|Any CPU.Build.0 = Release|Any CPU
		{D8EEC69E-1618-4894-959D-3BAE12057AE3}.Debug|Any CPU.ActiveCfg = Debug|Any CPU
		{D8EEC69E-1618-4894-959D-3BAE12057AE3}.Debug|Any CPU.Build.0 = Debug|Any CPU
		{D8EEC69E-1618-4894-959D-3BAE12057AE3}.Release|Any CPU.ActiveCfg = Release|Any CPU
		{D8EEC69E-1618-4894-959D-3BAE12057AE3}.Release|Any CPU.Build.0 = Release|Any CPU
		{93EEE4EC-B1D6-4906-9F59-3AAA24185E12}.Debug|Any CPU.ActiveCfg = Debug|Any CPU
		{93EEE4EC-B1D6-4906-9F59-3AAA24185E12}.Debug|Any CPU.Build.0 = Debug|Any CPU
		{93EEE4EC-B1D6-4906-9F59-3AAA24185E12}.Release|Any CPU.ActiveCfg = Release|Any CPU
		{93EEE4EC-B1D6-4906-9F59-3AAA24185E12}.Release|Any CPU.Build.0 = Release|Any CPU
		{10238987-F4A7-412E-86E9-4C24AD776BBF}.Debug|Any CPU.ActiveCfg = Debug|Any CPU
		{10238987-F4A7-412E-86E9-4C24AD776BBF}.Debug|Any CPU.Build.0 = Debug|Any CPU
		{10238987-F4A7-412E-86E9-4C24AD776BBF}.Release|Any CPU.ActiveCfg = Release|Any CPU
		{10238987-F4A7-412E-86E9-4C24AD776BBF}.Release|Any CPU.Build.0 = Release|Any CPU
		{EC28A898-9A90-456A-A5E7-96FBDA0C4864}.Debug|Any CPU.ActiveCfg = Debug|Any CPU
		{EC28A898-9A90-456A-A5E7-96FBDA0C4864}.Debug|Any CPU.Build.0 = Debug|Any CPU
		{EC28A898-9A90-456A-A5E7-96FBDA0C4864}.Release|Any CPU.ActiveCfg = Release|Any CPU
		{EC28A898-9A90-456A-A5E7-96FBDA0C4864}.Release|Any CPU.Build.0 = Release|Any CPU
		{55D96F35-219D-4A73-81C6-B7A18DB315CD}.Debug|Any CPU.ActiveCfg = Debug|Any CPU
		{55D96F35-219D-4A73-81C6-B7A18DB315CD}.Debug|Any CPU.Build.0 = Debug|Any CPU
		{55D96F35-219D-4A73-81C6-B7A18DB315CD}.Release|Any CPU.ActiveCfg = Release|Any CPU
		{55D96F35-219D-4A73-81C6-B7A18DB315CD}.Release|Any CPU.Build.0 = Release|Any CPU
		{062C7F28-205B-4861-A43F-BF337F0AEB72}.Debug|Any CPU.ActiveCfg = Debug|Any CPU
		{062C7F28-205B-4861-A43F-BF337F0AEB72}.Debug|Any CPU.Build.0 = Debug|Any CPU
		{062C7F28-205B-4861-A43F-BF337F0AEB72}.Release|Any CPU.ActiveCfg = Release|Any CPU
		{062C7F28-205B-4861-A43F-BF337F0AEB72}.Release|Any CPU.Build.0 = Release|Any CPU
	EndGlobalSection
	GlobalSection(SolutionProperties) = preSolution
		HideSolutionNode = FALSE
	EndGlobalSection
	GlobalSection(NestedProjects) = preSolution
		{3B2723BF-60C7-48C3-A437-E321A852905C} = {C1917834-C755-4A47-A4BC-2C15188DCBD9}
		{47C87D72-7132-4882-951B-7BCB385160A5} = {C1917834-C755-4A47-A4BC-2C15188DCBD9}
		{9D242814-32DA-404A-B21F-A58983ED9263} = {C1917834-C755-4A47-A4BC-2C15188DCBD9}
		{D8EEC69E-1618-4894-959D-3BAE12057AE3} = {C1917834-C755-4A47-A4BC-2C15188DCBD9}
		{93EEE4EC-B1D6-4906-9F59-3AAA24185E12} = {C1917834-C755-4A47-A4BC-2C15188DCBD9}
		{10238987-F4A7-412E-86E9-4C24AD776BBF} = {C1917834-C755-4A47-A4BC-2C15188DCBD9}
		{EC28A898-9A90-456A-A5E7-96FBDA0C4864} = {C1917834-C755-4A47-A4BC-2C15188DCBD9}
		{55D96F35-219D-4A73-81C6-B7A18DB315CD} = {C1917834-C755-4A47-A4BC-2C15188DCBD9}
		{062C7F28-205B-4861-A43F-BF337F0AEB72} = {C1917834-C755-4A47-A4BC-2C15188DCBD9}
		{C5038B7F-F62E-4134-AA38-0350FB85631A} = {1DD9B8AD-4245-4C31-83B1-8342EE4C71D9}
		{B1D6604D-4CB9-44F5-B428-631445927DAC} = {1DD9B8AD-4245-4C31-83B1-8342EE4C71D9}
		{9D70E71A-E11B-4B54-96F8-3D143E3DD618} = {53916543-6B63-41F7-8676-8C2C74ADD624}
	EndGlobalSection
EndGlobal
